// !$*UTF8*$!
{
	archiveVersion = 1;
	classes = {
	};
	objectVersion = 56;
	objects = {

/* Begin PBXBuildFile section */
		3F44B07829545C250042DB90 /* Localizable.strings in Resources */ = {isa = PBXBuildFile; fileRef = 3F44B07A29545C250042DB90 /* Localizable.strings */; };
		3F44B07E29545F580042DB90 /* InfoPlist.strings in Resources */ = {isa = PBXBuildFile; fileRef = 3F44B08029545F580042DB90 /* InfoPlist.strings */; };
		3FC3B2EE293E36DA00DBAED0 /* AppDelegate.swift in Sources */ = {isa = PBXBuildFile; fileRef = 3FC3B2ED293E36DA00DBAED0 /* AppDelegate.swift */; };
		3FC3B2F0293E36DA00DBAED0 /* SceneDelegate.swift in Sources */ = {isa = PBXBuildFile; fileRef = 3FC3B2EF293E36DA00DBAED0 /* SceneDelegate.swift */; };
		3FC3B2F2293E36DA00DBAED0 /* MainViewController.swift in Sources */ = {isa = PBXBuildFile; fileRef = 3FC3B2F1293E36DA00DBAED0 /* MainViewController.swift */; };
		3FC3B2F5293E36DA00DBAED0 /* Main.storyboard in Resources */ = {isa = PBXBuildFile; fileRef = 3FC3B2F3293E36DA00DBAED0 /* Main.storyboard */; };
		3FC3B2F7293E36DB00DBAED0 /* Assets.xcassets in Resources */ = {isa = PBXBuildFile; fileRef = 3FC3B2F6293E36DB00DBAED0 /* Assets.xcassets */; };
		3FC3B2FA293E36DB00DBAED0 /* LaunchScreen.storyboard in Resources */ = {isa = PBXBuildFile; fileRef = 3FC3B2F8293E36DB00DBAED0 /* LaunchScreen.storyboard */; };
		3FC3B303293E388F00DBAED0 /* HobbyCell.swift in Sources */ = {isa = PBXBuildFile; fileRef = 3FC3B301293E388F00DBAED0 /* HobbyCell.swift */; };
		3FC3B304293E388F00DBAED0 /* HobbyCell.xib in Resources */ = {isa = PBXBuildFile; fileRef = 3FC3B302293E388F00DBAED0 /* HobbyCell.xib */; };
		3FC3B306293E701900DBAED0 /* ImageView + Blur.swift in Sources */ = {isa = PBXBuildFile; fileRef = 3FC3B305293E701900DBAED0 /* ImageView + Blur.swift */; };
/* End PBXBuildFile section */

/* Begin PBXFileReference section */
		3F44B07929545C250042DB90 /* en */ = {isa = PBXFileReference; lastKnownFileType = text.plist.strings; name = en; path = en.lproj/Localizable.strings; sourceTree = "<group>"; };
		3F44B07B29545C280042DB90 /* ru */ = {isa = PBXFileReference; lastKnownFileType = text.plist.strings; name = ru; path = ru.lproj/Localizable.strings; sourceTree = "<group>"; };
		3F44B07F29545F580042DB90 /* en */ = {isa = PBXFileReference; lastKnownFileType = text.plist.strings; name = en; path = en.lproj/InfoPlist.strings; sourceTree = "<group>"; };
		3F44B08129545F5A0042DB90 /* ru */ = {isa = PBXFileReference; lastKnownFileType = text.plist.strings; name = ru; path = ru.lproj/InfoPlist.strings; sourceTree = "<group>"; };
		3FB1EE70295383270033EF17 /* ru */ = {isa = PBXFileReference; lastKnownFileType = text.plist.strings; name = ru; path = ru.lproj/Main.strings; sourceTree = "<group>"; };
		3FB1EE71295383280033EF17 /* ru */ = {isa = PBXFileReference; lastKnownFileType = text.plist.strings; name = ru; path = ru.lproj/LaunchScreen.strings; sourceTree = "<group>"; };
		3FB1EE73295383640033EF17 /* en */ = {isa = PBXFileReference; lastKnownFileType = text.plist.strings; name = en; path = en.lproj/Main.strings; sourceTree = "<group>"; };
		3FC3B2EA293E36DA00DBAED0 /* VK CUP.app */ = {isa = PBXFileReference; explicitFileType = wrapper.application; includeInIndex = 0; path = "VK CUP.app"; sourceTree = BUILT_PRODUCTS_DIR; };
		3FC3B2ED293E36DA00DBAED0 /* AppDelegate.swift */ = {isa = PBXFileReference; lastKnownFileType = sourcecode.swift; path = AppDelegate.swift; sourceTree = "<group>"; };
		3FC3B2EF293E36DA00DBAED0 /* SceneDelegate.swift */ = {isa = PBXFileReference; lastKnownFileType = sourcecode.swift; path = SceneDelegate.swift; sourceTree = "<group>"; };
		3FC3B2F1293E36DA00DBAED0 /* MainViewController.swift */ = {isa = PBXFileReference; lastKnownFileType = sourcecode.swift; path = MainViewController.swift; sourceTree = "<group>"; };
		3FC3B2F4293E36DA00DBAED0 /* Base */ = {isa = PBXFileReference; lastKnownFileType = file.storyboard; name = Base; path = Base.lproj/Main.storyboard; sourceTree = "<group>"; };
		3FC3B2F6293E36DB00DBAED0 /* Assets.xcassets */ = {isa = PBXFileReference; lastKnownFileType = folder.assetcatalog; path = Assets.xcassets; sourceTree = "<group>"; };
		3FC3B2F9293E36DB00DBAED0 /* Base */ = {isa = PBXFileReference; lastKnownFileType = file.storyboard; name = Base; path = Base.lproj/LaunchScreen.storyboard; sourceTree = "<group>"; };
		3FC3B2FB293E36DB00DBAED0 /* Info.plist */ = {isa = PBXFileReference; lastKnownFileType = text.plist.xml; path = Info.plist; sourceTree = "<group>"; };
		3FC3B301293E388F00DBAED0 /* HobbyCell.swift */ = {isa = PBXFileReference; lastKnownFileType = sourcecode.swift; path = HobbyCell.swift; sourceTree = "<group>"; };
		3FC3B302293E388F00DBAED0 /* HobbyCell.xib */ = {isa = PBXFileReference; lastKnownFileType = file.xib; path = HobbyCell.xib; sourceTree = "<group>"; };
		3FC3B305293E701900DBAED0 /* ImageView + Blur.swift */ = {isa = PBXFileReference; lastKnownFileType = sourcecode.swift; path = "ImageView + Blur.swift"; sourceTree = "<group>"; };
/* End PBXFileReference section */

/* Begin PBXFrameworksBuildPhase section */
		3FC3B2E7293E36DA00DBAED0 /* Frameworks */ = {
			isa = PBXFrameworksBuildPhase;
			buildActionMask = 2147483647;
			files = (
			);
			runOnlyForDeploymentPostprocessing = 0;
		};
/* End PBXFrameworksBuildPhase section */

/* Begin PBXGroup section */
		3FC3B2E1293E36DA00DBAED0 = {
			isa = PBXGroup;
			children = (
				3FC3B2EC293E36DA00DBAED0 /* VK CUP */,
				3FC3B2EB293E36DA00DBAED0 /* Products */,
			);
			sourceTree = "<group>";
		};
		3FC3B2EB293E36DA00DBAED0 /* Products */ = {
			isa = PBXGroup;
			children = (
				3FC3B2EA293E36DA00DBAED0 /* VK CUP.app */,
			);
			name = Products;
			sourceTree = "<group>";
		};
		3FC3B2EC293E36DA00DBAED0 /* VK CUP */ = {
			isa = PBXGroup;
			children = (
				3F44B07A29545C250042DB90 /* Localizable.strings */,
				3F44B08029545F580042DB90 /* InfoPlist.strings */,
				3FF9B16C2940A21700FAFA25 /* Extensions */,
				3FF9B16B2940A1F400FAFA25 /* Controllers */,
				3FF9B16A2940A1DF00FAFA25 /* Storyboards */,
				3FF9B1692940A1C900FAFA25 /* Resources */,
				3FC3B2FB293E36DB00DBAED0 /* Info.plist */,
			);
			path = "VK CUP";
			sourceTree = "<group>";
		};
		3FF9B1692940A1C900FAFA25 /* Resources */ = {
			isa = PBXGroup;
			children = (
				3FC3B2F8293E36DB00DBAED0 /* LaunchScreen.storyboard */,
				3FC3B2ED293E36DA00DBAED0 /* AppDelegate.swift */,
				3FC3B2EF293E36DA00DBAED0 /* SceneDelegate.swift */,
				3FC3B2F6293E36DB00DBAED0 /* Assets.xcassets */,
			);
			path = Resources;
			sourceTree = "<group>";
		};
		3FF9B16A2940A1DF00FAFA25 /* Storyboards */ = {
			isa = PBXGroup;
			children = (
				3FC3B302293E388F00DBAED0 /* HobbyCell.xib */,
				3FC3B2F3293E36DA00DBAED0 /* Main.storyboard */,
			);
			path = Storyboards;
			sourceTree = "<group>";
		};
		3FF9B16B2940A1F400FAFA25 /* Controllers */ = {
			isa = PBXGroup;
			children = (
				3FC3B301293E388F00DBAED0 /* HobbyCell.swift */,
				3FC3B2F1293E36DA00DBAED0 /* MainViewController.swift */,
			);
			path = Controllers;
			sourceTree = "<group>";
		};
		3FF9B16C2940A21700FAFA25 /* Extensions */ = {
			isa = PBXGroup;
			children = (
				3FC3B305293E701900DBAED0 /* ImageView + Blur.swift */,
			);
			path = Extensions;
			sourceTree = "<group>";
		};
/* End PBXGroup section */

/* Begin PBXNativeTarget section */
		3FC3B2E9293E36DA00DBAED0 /* VK CUP */ = {
			isa = PBXNativeTarget;
			buildConfigurationList = 3FC3B2FE293E36DB00DBAED0 /* Build configuration list for PBXNativeTarget "VK CUP" */;
			buildPhases = (
				3FC3B2E6293E36DA00DBAED0 /* Sources */,
				3FC3B2E7293E36DA00DBAED0 /* Frameworks */,
				3FC3B2E8293E36DA00DBAED0 /* Resources */,
			);
			buildRules = (
			);
			dependencies = (
			);
			name = "VK CUP";
			productName = "VK CUP";
			productReference = 3FC3B2EA293E36DA00DBAED0 /* VK CUP.app */;
			productType = "com.apple.product-type.application";
		};
/* End PBXNativeTarget section */

/* Begin PBXProject section */
		3FC3B2E2293E36DA00DBAED0 /* Project object */ = {
			isa = PBXProject;
			attributes = {
				BuildIndependentTargetsInParallel = 1;
				LastSwiftUpdateCheck = 1400;
				LastUpgradeCheck = 1400;
				TargetAttributes = {
					3FC3B2E9293E36DA00DBAED0 = {
						CreatedOnToolsVersion = 14.0.1;
					};
				};
			};
			buildConfigurationList = 3FC3B2E5293E36DA00DBAED0 /* Build configuration list for PBXProject "VK CUP" */;
			compatibilityVersion = "Xcode 14.0";
			developmentRegion = en;
			hasScannedForEncodings = 0;
			knownRegions = (
				en,
				Base,
				ru,
			);
			mainGroup = 3FC3B2E1293E36DA00DBAED0;
			productRefGroup = 3FC3B2EB293E36DA00DBAED0 /* Products */;
			projectDirPath = "";
			projectRoot = "";
			targets = (
				3FC3B2E9293E36DA00DBAED0 /* VK CUP */,
			);
		};
/* End PBXProject section */

/* Begin PBXResourcesBuildPhase section */
		3FC3B2E8293E36DA00DBAED0 /* Resources */ = {
			isa = PBXResourcesBuildPhase;
			buildActionMask = 2147483647;
			files = (
				3F44B07829545C250042DB90 /* Localizable.strings in Resources */,
				3F44B07E29545F580042DB90 /* InfoPlist.strings in Resources */,
				3FC3B2FA293E36DB00DBAED0 /* LaunchScreen.storyboard in Resources */,
				3FC3B2F7293E36DB00DBAED0 /* Assets.xcassets in Resources */,
				3FC3B304293E388F00DBAED0 /* HobbyCell.xib in Resources */,
				3FC3B2F5293E36DA00DBAED0 /* Main.storyboard in Resources */,
			);
			runOnlyForDeploymentPostprocessing = 0;
		};
/* End PBXResourcesBuildPhase section */

/* Begin PBXSourcesBuildPhase section */
		3FC3B2E6293E36DA00DBAED0 /* Sources */ = {
			isa = PBXSourcesBuildPhase;
			buildActionMask = 2147483647;
			files = (
				3FC3B2F2293E36DA00DBAED0 /* MainViewController.swift in Sources */,
				3FC3B2EE293E36DA00DBAED0 /* AppDelegate.swift in Sources */,
				3FC3B306293E701900DBAED0 /* ImageView + Blur.swift in Sources */,
				3FC3B303293E388F00DBAED0 /* HobbyCell.swift in Sources */,
				3FC3B2F0293E36DA00DBAED0 /* SceneDelegate.swift in Sources */,
			);
			runOnlyForDeploymentPostprocessing = 0;
		};
/* End PBXSourcesBuildPhase section */

/* Begin PBXVariantGroup section */
		3F44B07A29545C250042DB90 /* Localizable.strings */ = {
			isa = PBXVariantGroup;
			children = (
				3F44B07929545C250042DB90 /* en */,
				3F44B07B29545C280042DB90 /* ru */,
			);
			name = Localizable.strings;
			sourceTree = "<group>";
		};
		3F44B08029545F580042DB90 /* InfoPlist.strings */ = {
			isa = PBXVariantGroup;
			children = (
				3F44B07F29545F580042DB90 /* en */,
				3F44B08129545F5A0042DB90 /* ru */,
			);
			name = InfoPlist.strings;
			sourceTree = "<group>";
		};
		3FC3B2F3293E36DA00DBAED0 /* Main.storyboard */ = {
			isa = PBXVariantGroup;
			children = (
				3FC3B2F4293E36DA00DBAED0 /* Base */,
				3FB1EE70295383270033EF17 /* ru */,
				3FB1EE73295383640033EF17 /* en */,
			);
			name = Main.storyboard;
			sourceTree = "<group>";
		};
		3FC3B2F8293E36DB00DBAED0 /* LaunchScreen.storyboard */ = {
			isa = PBXVariantGroup;
			children = (
				3FC3B2F9293E36DB00DBAED0 /* Base */,
				3FB1EE71295383280033EF17 /* ru */,
			);
			name = LaunchScreen.storyboard;
			sourceTree = "<group>";
		};
/* End PBXVariantGroup section */

/* Begin XCBuildConfiguration section */
		3FC3B2FC293E36DB00DBAED0 /* Debug */ = {
			isa = XCBuildConfiguration;
			buildSettings = {
				ALWAYS_SEARCH_USER_PATHS = NO;
				CLANG_ANALYZER_LOCALIZABILITY_NONLOCALIZED = YES;
				CLANG_ANALYZER_NONNULL = YES;
				CLANG_ANALYZER_NUMBER_OBJECT_CONVERSION = YES_AGGRESSIVE;
				CLANG_CXX_LANGUAGE_STANDARD = "gnu++20";
				CLANG_ENABLE_MODULES = YES;
				CLANG_ENABLE_OBJC_ARC = YES;
				CLANG_ENABLE_OBJC_WEAK = YES;
				CLANG_WARN_BLOCK_CAPTURE_AUTORELEASING = YES;
				CLANG_WARN_BOOL_CONVERSION = YES;
				CLANG_WARN_COMMA = YES;
				CLANG_WARN_CONSTANT_CONVERSION = YES;
				CLANG_WARN_DEPRECATED_OBJC_IMPLEMENTATIONS = YES;
				CLANG_WARN_DIRECT_OBJC_ISA_USAGE = YES_ERROR;
				CLANG_WARN_DOCUMENTATION_COMMENTS = YES;
				CLANG_WARN_EMPTY_BODY = YES;
				CLANG_WARN_ENUM_CONVERSION = YES;
				CLANG_WARN_INFINITE_RECURSION = YES;
				CLANG_WARN_INT_CONVERSION = YES;
				CLANG_WARN_NON_LITERAL_NULL_CONVERSION = YES;
				CLANG_WARN_OBJC_IMPLICIT_RETAIN_SELF = YES;
				CLANG_WARN_OBJC_LITERAL_CONVERSION = YES;
				CLANG_WARN_OBJC_ROOT_CLASS = YES_ERROR;
				CLANG_WARN_QUOTED_INCLUDE_IN_FRAMEWORK_HEADER = YES;
				CLANG_WARN_RANGE_LOOP_ANALYSIS = YES;
				CLANG_WARN_STRICT_PROTOTYPES = YES;
				CLANG_WARN_SUSPICIOUS_MOVE = YES;
				CLANG_WARN_UNGUARDED_AVAILABILITY = YES_AGGRESSIVE;
				CLANG_WARN_UNREACHABLE_CODE = YES;
				CLANG_WARN__DUPLICATE_METHOD_MATCH = YES;
				COPY_PHASE_STRIP = NO;
				DEBUG_INFORMATION_FORMAT = dwarf;
				ENABLE_STRICT_OBJC_MSGSEND = YES;
				ENABLE_TESTABILITY = YES;
				GCC_C_LANGUAGE_STANDARD = gnu11;
				GCC_DYNAMIC_NO_PIC = NO;
				GCC_NO_COMMON_BLOCKS = YES;
				GCC_OPTIMIZATION_LEVEL = 0;
				GCC_PREPROCESSOR_DEFINITIONS = (
					"DEBUG=1",
					"$(inherited)",
				);
				GCC_WARN_64_TO_32_BIT_CONVERSION = YES;
				GCC_WARN_ABOUT_RETURN_TYPE = YES_ERROR;
				GCC_WARN_UNDECLARED_SELECTOR = YES;
				GCC_WARN_UNINITIALIZED_AUTOS = YES_AGGRESSIVE;
				GCC_WARN_UNUSED_FUNCTION = YES;
				GCC_WARN_UNUSED_VARIABLE = YES;
				IPHONEOS_DEPLOYMENT_TARGET = 16.0;
				MTL_ENABLE_DEBUG_INFO = INCLUDE_SOURCE;
				MTL_FAST_MATH = YES;
				ONLY_ACTIVE_ARCH = YES;
				SDKROOT = iphoneos;
				SWIFT_ACTIVE_COMPILATION_CONDITIONS = DEBUG;
				SWIFT_OPTIMIZATION_LEVEL = "-Onone";
			};
			name = Debug;
		};
		3FC3B2FD293E36DB00DBAED0 /* Release */ = {
			isa = XCBuildConfiguration;
			buildSettings = {
				ALWAYS_SEARCH_USER_PATHS = NO;
				CLANG_ANALYZER_LOCALIZABILITY_NONLOCALIZED = YES;
				CLANG_ANALYZER_NONNULL = YES;
				CLANG_ANALYZER_NUMBER_OBJECT_CONVERSION = YES_AGGRESSIVE;
				CLANG_CXX_LANGUAGE_STANDARD = "gnu++20";
				CLANG_ENABLE_MODULES = YES;
				CLANG_ENABLE_OBJC_ARC = YES;
				CLANG_ENABLE_OBJC_WEAK = YES;
				CLANG_WARN_BLOCK_CAPTURE_AUTORELEASING = YES;
				CLANG_WARN_BOOL_CONVERSION = YES;
				CLANG_WARN_COMMA = YES;
				CLANG_WARN_CONSTANT_CONVERSION = YES;
				CLANG_WARN_DEPRECATED_OBJC_IMPLEMENTATIONS = YES;
				CLANG_WARN_DIRECT_OBJC_ISA_USAGE = YES_ERROR;
				CLANG_WARN_DOCUMENTATION_COMMENTS = YES;
				CLANG_WARN_EMPTY_BODY = YES;
				CLANG_WARN_ENUM_CONVERSION = YES;
				CLANG_WARN_INFINITE_RECURSION = YES;
				CLANG_WARN_INT_CONVERSION = YES;
				CLANG_WARN_NON_LITERAL_NULL_CONVERSION = YES;
				CLANG_WARN_OBJC_IMPLICIT_RETAIN_SELF = YES;
				CLANG_WARN_OBJC_LITERAL_CONVERSION = YES;
				CLANG_WARN_OBJC_ROOT_CLASS = YES_ERROR;
				CLANG_WARN_QUOTED_INCLUDE_IN_FRAMEWORK_HEADER = YES;
				CLANG_WARN_RANGE_LOOP_ANALYSIS = YES;
				CLANG_WARN_STRICT_PROTOTYPES = YES;
				CLANG_WARN_SUSPICIOUS_MOVE = YES;
				CLANG_WARN_UNGUARDED_AVAILABILITY = YES_AGGRESSIVE;
				CLANG_WARN_UNREACHABLE_CODE = YES;
				CLANG_WARN__DUPLICATE_METHOD_MATCH = YES;
				COPY_PHASE_STRIP = NO;
				DEBUG_INFORMATION_FORMAT = "dwarf-with-dsym";
				ENABLE_NS_ASSERTIONS = NO;
				ENABLE_STRICT_OBJC_MSGSEND = YES;
				GCC_C_LANGUAGE_STANDARD = gnu11;
				GCC_NO_COMMON_BLOCKS = YES;
				GCC_WARN_64_TO_32_BIT_CONVERSION = YES;
				GCC_WARN_ABOUT_RETURN_TYPE = YES_ERROR;
				GCC_WARN_UNDECLARED_SELECTOR = YES;
				GCC_WARN_UNINITIALIZED_AUTOS = YES_AGGRESSIVE;
				GCC_WARN_UNUSED_FUNCTION = YES;
				GCC_WARN_UNUSED_VARIABLE = YES;
				IPHONEOS_DEPLOYMENT_TARGET = 16.0;
				MTL_ENABLE_DEBUG_INFO = NO;
				MTL_FAST_MATH = YES;
				SDKROOT = iphoneos;
				SWIFT_COMPILATION_MODE = wholemodule;
				SWIFT_OPTIMIZATION_LEVEL = "-O";
				VALIDATE_PRODUCT = YES;
			};
			name = Release;
		};
		3FC3B2FF293E36DB00DBAED0 /* Debug */ = {
			isa = XCBuildConfiguration;
			buildSettings = {
				ASSETCATALOG_COMPILER_APPICON_NAME = AppIcon;
				ASSETCATALOG_COMPILER_GLOBAL_ACCENT_COLOR_NAME = AccentColor;
				CODE_SIGN_STYLE = Automatic;
				CURRENT_PROJECT_VERSION = 1;
				DEVELOPMENT_TEAM = R6Y2DR5795;
				GENERATE_INFOPLIST_FILE = YES;
				INFOPLIST_FILE = "VK CUP/Info.plist";
				INFOPLIST_KEY_UIApplicationSupportsIndirectInputEvents = YES;
				INFOPLIST_KEY_UILaunchStoryboardName = LaunchScreen;
				INFOPLIST_KEY_UIMainStoryboardFile = Main;
				INFOPLIST_KEY_UISupportedInterfaceOrientations_iPad = "UIInterfaceOrientationPortrait UIInterfaceOrientationPortraitUpsideDown UIInterfaceOrientationLandscapeLeft UIInterfaceOrientationLandscapeRight";
				INFOPLIST_KEY_UISupportedInterfaceOrientations_iPhone = "UIInterfaceOrientationPortrait UIInterfaceOrientationLandscapeLeft UIInterfaceOrientationLandscapeRight";
				LD_RUNPATH_SEARCH_PATHS = (
					"$(inherited)",
					"@executable_path/Frameworks",
				);
				MARKETING_VERSION = 1.0;
				PRODUCT_BUNDLE_IDENTIFIER = "com.Denisenko.VK-CUP";
				PRODUCT_NAME = "$(TARGET_NAME)";
				SWIFT_EMIT_LOC_STRINGS = YES;
				SWIFT_VERSION = 5.0;
				TARGETED_DEVICE_FAMILY = "1,2";
			};
			name = Debug;
		};
		3FC3B300293E36DB00DBAED0 /* Release */ = {
			isa = XCBuildConfiguration;
			buildSettings = {
				ASSETCATALOG_COMPILER_APPICON_NAME = AppIcon;
				ASSETCATALOG_COMPILER_GLOBAL_ACCENT_COLOR_NAME = AccentColor;
				CODE_SIGN_STYLE = Automatic;
				CURRENT_PROJECT_VERSION = 1;
				DEVELOPMENT_TEAM = R6Y2DR5795;
				GENERATE_INFOPLIST_FILE = YES;
				INFOPLIST_FILE = "VK CUP/Info.plist";
				INFOPLIST_KEY_UIApplicationSupportsIndirectInputEvents = YES;
				INFOPLIST_KEY_UILaunchStoryboardName = LaunchScreen;
				INFOPLIST_KEY_UIMainStoryboardFile = Main;
				INFOPLIST_KEY_UISupportedInterfaceOrientations_iPad = "UIInterfaceOrientationPortrait UIInterfaceOrientationPortraitUpsideDown UIInterfaceOrientationLandscapeLeft UIInterfaceOrientationLandscapeRight";
				INFOPLIST_KEY_UISupportedInterfaceOrientations_iPhone = "UIInterfaceOrientationPortrait UIInterfaceOrientationLandscapeLeft UIInterfaceOrientationLandscapeRight";
				LD_RUNPATH_SEARCH_PATHS = (
					"$(inherited)",
					"@executable_path/Frameworks",
				);
				MARKETING_VERSION = 1.0;
				PRODUCT_BUNDLE_IDENTIFIER = "com.Denisenko.VK-CUP";
				PRODUCT_NAME = "$(TARGET_NAME)";
				SWIFT_EMIT_LOC_STRINGS = YES;
				SWIFT_VERSION = 5.0;
				TARGETED_DEVICE_FAMILY = "1,2";
			};
			name = Release;
		};
/* End XCBuildConfiguration section */

/* Begin XCConfigurationList section */
		3FC3B2E5293E36DA00DBAED0 /* Build configuration list for PBXProject "VK CUP" */ = {
			isa = XCConfigurationList;
			buildConfigurations = (
				3FC3B2FC293E36DB00DBAED0 /* Debug */,
				3FC3B2FD293E36DB00DBAED0 /* Release */,
			);
			defaultConfigurationIsVisible = 0;
			defaultConfigurationName = Release;
		};
		3FC3B2FE293E36DB00DBAED0 /* Build configuration list for PBXNativeTarget "VK CUP" */ = {
			isa = XCConfigurationList;
			buildConfigurations = (
				3FC3B2FF293E36DB00DBAED0 /* Debug */,
				3FC3B300293E36DB00DBAED0 /* Release */,
			);
			defaultConfigurationIsVisible = 0;
			defaultConfigurationName = Release;
		};
/* End XCConfigurationList section */
	};
	rootObject = 3FC3B2E2293E36DA00DBAED0 /* Project object */;
}
